// !$*UTF8*$!
{
	archiveVersion = 1;
	classes = {
	};
	objectVersion = 56;
	objects = {

/* Begin PBXBuildFile section */
		B38C96DC29162FF900CA892D /* LiveSapmleApp.swift in Sources */ = {isa = PBXBuildFile; fileRef = B38C96DB29162FF900CA892D /* LiveSapmleApp.swift */; };
		B38C96DE29162FF900CA892D /* ContentView.swift in Sources */ = {isa = PBXBuildFile; fileRef = B38C96DD29162FF900CA892D /* ContentView.swift */; };
		B38C96E029162FFA00CA892D /* Assets.xcassets in Resources */ = {isa = PBXBuildFile; fileRef = B38C96DF29162FFA00CA892D /* Assets.xcassets */; };
		B38C96E329162FFA00CA892D /* Preview Assets.xcassets in Resources */ = {isa = PBXBuildFile; fileRef = B38C96E229162FFA00CA892D /* Preview Assets.xcassets */; };
		B38C96ED29162FFA00CA892D /* LiveSapmleTests.swift in Sources */ = {isa = PBXBuildFile; fileRef = B38C96EC29162FFA00CA892D /* LiveSapmleTests.swift */; };
		B38C96F729162FFA00CA892D /* LiveSapmleUITests.swift in Sources */ = {isa = PBXBuildFile; fileRef = B38C96F629162FFA00CA892D /* LiveSapmleUITests.swift */; };
		B38C96F929162FFA00CA892D /* LiveSapmleUITestsLaunchTests.swift in Sources */ = {isa = PBXBuildFile; fileRef = B38C96F829162FFA00CA892D /* LiveSapmleUITestsLaunchTests.swift */; };
		B3AAE696292E0F780033586F /* TicketFeature in Frameworks */ = {isa = PBXBuildFile; productRef = B3AAE695292E0F780033586F /* TicketFeature */; };
		B3B905D529165099001F25B8 /* Sample in Frameworks */ = {isa = PBXBuildFile; productRef = B3B905D429165099001F25B8 /* Sample */; };
/* End PBXBuildFile section */

/* Begin PBXContainerItemProxy section */
		B38C96E929162FFA00CA892D /* PBXContainerItemProxy */ = {
			isa = PBXContainerItemProxy;
			containerPortal = B38C96D029162FF900CA892D /* Project object */;
			proxyType = 1;
			remoteGlobalIDString = B38C96D729162FF900CA892D;
			remoteInfo = oshigoto;
		};
		B38C96F329162FFA00CA892D /* PBXContainerItemProxy */ = {
			isa = PBXContainerItemProxy;
			containerPortal = B38C96D029162FF900CA892D /* Project object */;
			proxyType = 1;
			remoteGlobalIDString = B38C96D729162FF900CA892D;
			remoteInfo = oshigoto;
		};
/* End PBXContainerItemProxy section */

/* Begin PBXFileReference section */
		561380572B5D6FE200926FDA /* Packages */ = {isa = PBXFileReference; lastKnownFileType = wrapper; name = Packages; path = ../../Packages; sourceTree = "<group>"; };
		B38C96D829162FF900CA892D /* LiveSample.app */ = {isa = PBXFileReference; explicitFileType = wrapper.application; includeInIndex = 0; path = LiveSample.app; sourceTree = BUILT_PRODUCTS_DIR; };
		B38C96DB29162FF900CA892D /* LiveSapmleApp.swift */ = {isa = PBXFileReference; lastKnownFileType = sourcecode.swift; path = LiveSapmleApp.swift; sourceTree = "<group>"; };
		B38C96DD29162FF900CA892D /* ContentView.swift */ = {isa = PBXFileReference; lastKnownFileType = sourcecode.swift; path = ContentView.swift; sourceTree = "<group>"; };
		B38C96DF29162FFA00CA892D /* Assets.xcassets */ = {isa = PBXFileReference; lastKnownFileType = folder.assetcatalog; path = Assets.xcassets; sourceTree = "<group>"; };
		B38C96E229162FFA00CA892D /* Preview Assets.xcassets */ = {isa = PBXFileReference; lastKnownFileType = folder.assetcatalog; path = "Preview Assets.xcassets"; sourceTree = "<group>"; };
		B38C96E829162FFA00CA892D /* LiveSampleTests.xctest */ = {isa = PBXFileReference; explicitFileType = wrapper.cfbundle; includeInIndex = 0; path = LiveSampleTests.xctest; sourceTree = BUILT_PRODUCTS_DIR; };
		B38C96EC29162FFA00CA892D /* LiveSapmleTests.swift */ = {isa = PBXFileReference; lastKnownFileType = sourcecode.swift; path = LiveSapmleTests.swift; sourceTree = "<group>"; };
		B38C96F229162FFA00CA892D /* LiveSampleUITests.xctest */ = {isa = PBXFileReference; explicitFileType = wrapper.cfbundle; includeInIndex = 0; path = LiveSampleUITests.xctest; sourceTree = BUILT_PRODUCTS_DIR; };
		B38C96F629162FFA00CA892D /* LiveSapmleUITests.swift */ = {isa = PBXFileReference; lastKnownFileType = sourcecode.swift; path = LiveSapmleUITests.swift; sourceTree = "<group>"; };
		B38C96F829162FFA00CA892D /* LiveSapmleUITestsLaunchTests.swift */ = {isa = PBXFileReference; lastKnownFileType = sourcecode.swift; path = LiveSapmleUITestsLaunchTests.swift; sourceTree = "<group>"; };
/* End PBXFileReference section */

/* Begin PBXFrameworksBuildPhase section */
		B38C96D529162FF900CA892D /* Frameworks */ = {
			isa = PBXFrameworksBuildPhase;
			buildActionMask = 2147483647;
			files = (
				B3B905D529165099001F25B8 /* Sample in Frameworks */,
				B3AAE696292E0F780033586F /* TicketFeature in Frameworks */,
			);
			runOnlyForDeploymentPostprocessing = 0;
		};
		B38C96E529162FFA00CA892D /* Frameworks */ = {
			isa = PBXFrameworksBuildPhase;
			buildActionMask = 2147483647;
			files = (
			);
			runOnlyForDeploymentPostprocessing = 0;
		};
		B38C96EF29162FFA00CA892D /* Frameworks */ = {
			isa = PBXFrameworksBuildPhase;
			buildActionMask = 2147483647;
			files = (
			);
			runOnlyForDeploymentPostprocessing = 0;
		};
/* End PBXFrameworksBuildPhase section */

/* Begin PBXGroup section */
		B38C96CF29162FF900CA892D = {
			isa = PBXGroup;
			children = (
				561380572B5D6FE200926FDA /* Packages */,
				B38C96DA29162FF900CA892D /* LiveSample */,
				B38C96EB29162FFA00CA892D /* LiveSampleTests */,
				B38C96F529162FFA00CA892D /* LiveSampleUITests */,
				B38C96D929162FF900CA892D /* Products */,
				B3B905D329165099001F25B8 /* Frameworks */,
			);
			sourceTree = "<group>";
		};
		B38C96D929162FF900CA892D /* Products */ = {
			isa = PBXGroup;
			children = (
				B38C96D829162FF900CA892D /* LiveSample.app */,
				B38C96E829162FFA00CA892D /* LiveSampleTests.xctest */,
				B38C96F229162FFA00CA892D /* LiveSampleUITests.xctest */,
			);
			name = Products;
			sourceTree = "<group>";
		};
		B38C96DA29162FF900CA892D /* LiveSample */ = {
			isa = PBXGroup;
			children = (
				B38C96DB29162FF900CA892D /* LiveSapmleApp.swift */,
				B38C96DD29162FF900CA892D /* ContentView.swift */,
				B38C96DF29162FFA00CA892D /* Assets.xcassets */,
				B38C96E129162FFA00CA892D /* Preview Content */,
			);
			path = LiveSample;
			sourceTree = "<group>";
		};
		B38C96E129162FFA00CA892D /* Preview Content */ = {
			isa = PBXGroup;
			children = (
				B38C96E229162FFA00CA892D /* Preview Assets.xcassets */,
			);
			path = "Preview Content";
			sourceTree = "<group>";
		};
		B38C96EB29162FFA00CA892D /* LiveSampleTests */ = {
			isa = PBXGroup;
			children = (
				B38C96EC29162FFA00CA892D /* LiveSapmleTests.swift */,
			);
			path = LiveSampleTests;
			sourceTree = "<group>";
		};
		B38C96F529162FFA00CA892D /* LiveSampleUITests */ = {
			isa = PBXGroup;
			children = (
				B38C96F629162FFA00CA892D /* LiveSapmleUITests.swift */,
				B38C96F829162FFA00CA892D /* LiveSapmleUITestsLaunchTests.swift */,
			);
			path = LiveSampleUITests;
			sourceTree = "<group>";
		};
		B3B905D329165099001F25B8 /* Frameworks */ = {
			isa = PBXGroup;
			children = (
			);
			name = Frameworks;
			sourceTree = "<group>";
		};
/* End PBXGroup section */

/* Begin PBXNativeTarget section */
		B38C96D729162FF900CA892D /* LiveSample */ = {
			isa = PBXNativeTarget;
			buildConfigurationList = B38C96FC29162FFA00CA892D /* Build configuration list for PBXNativeTarget "LiveSample" */;
			buildPhases = (
				B38C96D429162FF900CA892D /* Sources */,
				B38C96D529162FF900CA892D /* Frameworks */,
				B38C96D629162FF900CA892D /* Resources */,
				B3BEE7282933AF64000CFF64 /* ShellScript */,
			);
			buildRules = (
			);
			dependencies = (
			);
			name = LiveSample;
			packageProductDependencies = (
				B3B905D429165099001F25B8 /* Sample */,
				B3AAE695292E0F780033586F /* TicketFeature */,
			);
			productName = oshigoto;
			productReference = B38C96D829162FF900CA892D /* LiveSample.app */;
			productType = "com.apple.product-type.application";
		};
		B38C96E729162FFA00CA892D /* LiveSampleTests */ = {
			isa = PBXNativeTarget;
			buildConfigurationList = B38C96FF29162FFA00CA892D /* Build configuration list for PBXNativeTarget "LiveSampleTests" */;
			buildPhases = (
				B38C96E429162FFA00CA892D /* Sources */,
				B38C96E529162FFA00CA892D /* Frameworks */,
				B38C96E629162FFA00CA892D /* Resources */,
			);
			buildRules = (
			);
			dependencies = (
				B38C96EA29162FFA00CA892D /* PBXTargetDependency */,
			);
			name = LiveSampleTests;
			productName = oshigotoTests;
			productReference = B38C96E829162FFA00CA892D /* LiveSampleTests.xctest */;
			productType = "com.apple.product-type.bundle.unit-test";
		};
		B38C96F129162FFA00CA892D /* LiveSampleUITests */ = {
			isa = PBXNativeTarget;
			buildConfigurationList = B38C970229162FFA00CA892D /* Build configuration list for PBXNativeTarget "LiveSampleUITests" */;
			buildPhases = (
				B38C96EE29162FFA00CA892D /* Sources */,
				B38C96EF29162FFA00CA892D /* Frameworks */,
				B38C96F029162FFA00CA892D /* Resources */,
			);
			buildRules = (
			);
			dependencies = (
				B38C96F429162FFA00CA892D /* PBXTargetDependency */,
			);
			name = LiveSampleUITests;
			productName = oshigotoUITests;
			productReference = B38C96F229162FFA00CA892D /* LiveSampleUITests.xctest */;
			productType = "com.apple.product-type.bundle.ui-testing";
		};
/* End PBXNativeTarget section */

/* Begin PBXProject section */
		B38C96D029162FF900CA892D /* Project object */ = {
			isa = PBXProject;
			attributes = {
				BuildIndependentTargetsInParallel = 1;
				LastSwiftUpdateCheck = 1410;
				LastUpgradeCheck = 1410;
				TargetAttributes = {
					B38C96D729162FF900CA892D = {
						CreatedOnToolsVersion = 14.1;
					};
					B38C96E729162FFA00CA892D = {
						CreatedOnToolsVersion = 14.1;
						TestTargetID = B38C96D729162FF900CA892D;
					};
					B38C96F129162FFA00CA892D = {
						CreatedOnToolsVersion = 14.1;
						TestTargetID = B38C96D729162FF900CA892D;
					};
				};
			};
			buildConfigurationList = B38C96D329162FF900CA892D /* Build configuration list for PBXProject "LiveSample" */;
			compatibilityVersion = "Xcode 14.0";
			developmentRegion = en;
			hasScannedForEncodings = 0;
			knownRegions = (
				en,
				Base,
			);
			mainGroup = B38C96CF29162FF900CA892D;
			productRefGroup = B38C96D929162FF900CA892D /* Products */;
			projectDirPath = "";
			projectRoot = "";
			targets = (
				B38C96D729162FF900CA892D /* LiveSample */,
				B38C96E729162FFA00CA892D /* LiveSampleTests */,
				B38C96F129162FFA00CA892D /* LiveSampleUITests */,
			);
		};
/* End PBXProject section */

/* Begin PBXResourcesBuildPhase section */
		B38C96D629162FF900CA892D /* Resources */ = {
			isa = PBXResourcesBuildPhase;
			buildActionMask = 2147483647;
			files = (
				B38C96E329162FFA00CA892D /* Preview Assets.xcassets in Resources */,
				B38C96E029162FFA00CA892D /* Assets.xcassets in Resources */,
			);
			runOnlyForDeploymentPostprocessing = 0;
		};
		B38C96E629162FFA00CA892D /* Resources */ = {
			isa = PBXResourcesBuildPhase;
			buildActionMask = 2147483647;
			files = (
			);
			runOnlyForDeploymentPostprocessing = 0;
		};
		B38C96F029162FFA00CA892D /* Resources */ = {
			isa = PBXResourcesBuildPhase;
			buildActionMask = 2147483647;
			files = (
			);
			runOnlyForDeploymentPostprocessing = 0;
		};
/* End PBXResourcesBuildPhase section */

/* Begin PBXShellScriptBuildPhase section */
		B3BEE7282933AF64000CFF64 /* ShellScript */ = {
			isa = PBXShellScriptBuildPhase;
			buildActionMask = 2147483647;
			files = (
			);
			inputFileListPaths = (
			);
			inputPaths = (
			);
			outputFileListPaths = (
			);
			outputPaths = (
			);
			runOnlyForDeploymentPostprocessing = 0;
			shellPath = /bin/sh;
			shellScript = "xcrun --sdk macosx swift run -c release --package-path ../../Tools swiftlint --fix --format\nxcrun --sdk macosx swift run -c release --package-path ../../Tools swiftlint\n";
		};
/* End PBXShellScriptBuildPhase section */

/* Begin PBXSourcesBuildPhase section */
		B38C96D429162FF900CA892D /* Sources */ = {
			isa = PBXSourcesBuildPhase;
			buildActionMask = 2147483647;
			files = (
				B38C96DE29162FF900CA892D /* ContentView.swift in Sources */,
				B38C96DC29162FF900CA892D /* LiveSapmleApp.swift in Sources */,
			);
			runOnlyForDeploymentPostprocessing = 0;
		};
		B38C96E429162FFA00CA892D /* Sources */ = {
			isa = PBXSourcesBuildPhase;
			buildActionMask = 2147483647;
			files = (
				B38C96ED29162FFA00CA892D /* LiveSapmleTests.swift in Sources */,
			);
			runOnlyForDeploymentPostprocessing = 0;
		};
		B38C96EE29162FFA00CA892D /* Sources */ = {
			isa = PBXSourcesBuildPhase;
			buildActionMask = 2147483647;
			files = (
				B38C96F929162FFA00CA892D /* LiveSapmleUITestsLaunchTests.swift in Sources */,
				B38C96F729162FFA00CA892D /* LiveSapmleUITests.swift in Sources */,
			);
			runOnlyForDeploymentPostprocessing = 0;
		};
/* End PBXSourcesBuildPhase section */

/* Begin PBXTargetDependency section */
		B38C96EA29162FFA00CA892D /* PBXTargetDependency */ = {
			isa = PBXTargetDependency;
			target = B38C96D729162FF900CA892D /* LiveSample */;
			targetProxy = B38C96E929162FFA00CA892D /* PBXContainerItemProxy */;
		};
		B38C96F429162FFA00CA892D /* PBXTargetDependency */ = {
			isa = PBXTargetDependency;
			target = B38C96D729162FF900CA892D /* LiveSample */;
			targetProxy = B38C96F329162FFA00CA892D /* PBXContainerItemProxy */;
		};
/* End PBXTargetDependency section */

/* Begin XCBuildConfiguration section */
		B38C96FA29162FFA00CA892D /* Debug */ = {
			isa = XCBuildConfiguration;
			buildSettings = {
				ALWAYS_SEARCH_USER_PATHS = NO;
				CLANG_ANALYZER_NONNULL = YES;
				CLANG_ANALYZER_NUMBER_OBJECT_CONVERSION = YES_AGGRESSIVE;
				CLANG_CXX_LANGUAGE_STANDARD = "gnu++20";
				CLANG_ENABLE_MODULES = YES;
				CLANG_ENABLE_OBJC_ARC = YES;
				CLANG_ENABLE_OBJC_WEAK = YES;
				CLANG_WARN_BLOCK_CAPTURE_AUTORELEASING = YES;
				CLANG_WARN_BOOL_CONVERSION = YES;
				CLANG_WARN_COMMA = YES;
				CLANG_WARN_CONSTANT_CONVERSION = YES;
				CLANG_WARN_DEPRECATED_OBJC_IMPLEMENTATIONS = YES;
				CLANG_WARN_DIRECT_OBJC_ISA_USAGE = YES_ERROR;
				CLANG_WARN_DOCUMENTATION_COMMENTS = YES;
				CLANG_WARN_EMPTY_BODY = YES;
				CLANG_WARN_ENUM_CONVERSION = YES;
				CLANG_WARN_INFINITE_RECURSION = YES;
				CLANG_WARN_INT_CONVERSION = YES;
				CLANG_WARN_NON_LITERAL_NULL_CONVERSION = YES;
				CLANG_WARN_OBJC_IMPLICIT_RETAIN_SELF = YES;
				CLANG_WARN_OBJC_LITERAL_CONVERSION = YES;
				CLANG_WARN_OBJC_ROOT_CLASS = YES_ERROR;
				CLANG_WARN_QUOTED_INCLUDE_IN_FRAMEWORK_HEADER = YES;
				CLANG_WARN_RANGE_LOOP_ANALYSIS = YES;
				CLANG_WARN_STRICT_PROTOTYPES = YES;
				CLANG_WARN_SUSPICIOUS_MOVE = YES;
				CLANG_WARN_UNGUARDED_AVAILABILITY = YES_AGGRESSIVE;
				CLANG_WARN_UNREACHABLE_CODE = YES;
				CLANG_WARN__DUPLICATE_METHOD_MATCH = YES;
				COPY_PHASE_STRIP = NO;
				DEBUG_INFORMATION_FORMAT = dwarf;
				ENABLE_STRICT_OBJC_MSGSEND = YES;
				ENABLE_TESTABILITY = YES;
				GCC_C_LANGUAGE_STANDARD = gnu11;
				GCC_DYNAMIC_NO_PIC = NO;
				GCC_NO_COMMON_BLOCKS = YES;
				GCC_OPTIMIZATION_LEVEL = 0;
				GCC_PREPROCESSOR_DEFINITIONS = (
					"DEBUG=1",
					"$(inherited)",
				);
				GCC_WARN_64_TO_32_BIT_CONVERSION = YES;
				GCC_WARN_ABOUT_RETURN_TYPE = YES_ERROR;
				GCC_WARN_UNDECLARED_SELECTOR = YES;
				GCC_WARN_UNINITIALIZED_AUTOS = YES_AGGRESSIVE;
				GCC_WARN_UNUSED_FUNCTION = YES;
				GCC_WARN_UNUSED_VARIABLE = YES;
				IPHONEOS_DEPLOYMENT_TARGET = 16.1;
				MTL_ENABLE_DEBUG_INFO = INCLUDE_SOURCE;
				MTL_FAST_MATH = YES;
				ONLY_ACTIVE_ARCH = YES;
				SDKROOT = iphoneos;
				SWIFT_ACTIVE_COMPILATION_CONDITIONS = DEBUG;
				SWIFT_OPTIMIZATION_LEVEL = "-Onone";
			};
			name = Debug;
		};
		B38C96FB29162FFA00CA892D /* Release */ = {
			isa = XCBuildConfiguration;
			buildSettings = {
				ALWAYS_SEARCH_USER_PATHS = NO;
				CLANG_ANALYZER_NONNULL = YES;
				CLANG_ANALYZER_NUMBER_OBJECT_CONVERSION = YES_AGGRESSIVE;
				CLANG_CXX_LANGUAGE_STANDARD = "gnu++20";
				CLANG_ENABLE_MODULES = YES;
				CLANG_ENABLE_OBJC_ARC = YES;
				CLANG_ENABLE_OBJC_WEAK = YES;
				CLANG_WARN_BLOCK_CAPTURE_AUTORELEASING = YES;
				CLANG_WARN_BOOL_CONVERSION = YES;
				CLANG_WARN_COMMA = YES;
				CLANG_WARN_CONSTANT_CONVERSION = YES;
				CLANG_WARN_DEPRECATED_OBJC_IMPLEMENTATIONS = YES;
				CLANG_WARN_DIRECT_OBJC_ISA_USAGE = YES_ERROR;
				CLANG_WARN_DOCUMENTATION_COMMENTS = YES;
				CLANG_WARN_EMPTY_BODY = YES;
				CLANG_WARN_ENUM_CONVERSION = YES;
				CLANG_WARN_INFINITE_RECURSION = YES;
				CLANG_WARN_INT_CONVERSION = YES;
				CLANG_WARN_NON_LITERAL_NULL_CONVERSION = YES;
				CLANG_WARN_OBJC_IMPLICIT_RETAIN_SELF = YES;
				CLANG_WARN_OBJC_LITERAL_CONVERSION = YES;
				CLANG_WARN_OBJC_ROOT_CLASS = YES_ERROR;
				CLANG_WARN_QUOTED_INCLUDE_IN_FRAMEWORK_HEADER = YES;
				CLANG_WARN_RANGE_LOOP_ANALYSIS = YES;
				CLANG_WARN_STRICT_PROTOTYPES = YES;
				CLANG_WARN_SUSPICIOUS_MOVE = YES;
				CLANG_WARN_UNGUARDED_AVAILABILITY = YES_AGGRESSIVE;
				CLANG_WARN_UNREACHABLE_CODE = YES;
				CLANG_WARN__DUPLICATE_METHOD_MATCH = YES;
				COPY_PHASE_STRIP = NO;
				DEBUG_INFORMATION_FORMAT = "dwarf-with-dsym";
				ENABLE_NS_ASSERTIONS = NO;
				ENABLE_STRICT_OBJC_MSGSEND = YES;
				GCC_C_LANGUAGE_STANDARD = gnu11;
				GCC_NO_COMMON_BLOCKS = YES;
				GCC_WARN_64_TO_32_BIT_CONVERSION = YES;
				GCC_WARN_ABOUT_RETURN_TYPE = YES_ERROR;
				GCC_WARN_UNDECLARED_SELECTOR = YES;
				GCC_WARN_UNINITIALIZED_AUTOS = YES_AGGRESSIVE;
				GCC_WARN_UNUSED_FUNCTION = YES;
				GCC_WARN_UNUSED_VARIABLE = YES;
				IPHONEOS_DEPLOYMENT_TARGET = 16.1;
				MTL_ENABLE_DEBUG_INFO = NO;
				MTL_FAST_MATH = YES;
				SDKROOT = iphoneos;
				SWIFT_COMPILATION_MODE = wholemodule;
				SWIFT_OPTIMIZATION_LEVEL = "-O";
				VALIDATE_PRODUCT = YES;
			};
			name = Release;
		};
		B38C96FD29162FFA00CA892D /* Debug */ = {
			isa = XCBuildConfiguration;
			buildSettings = {
				ASSETCATALOG_COMPILER_APPICON_NAME = AppIcon;
				ASSETCATALOG_COMPILER_GLOBAL_ACCENT_COLOR_NAME = AccentColor;
				CODE_SIGN_STYLE = Automatic;
				CURRENT_PROJECT_VERSION = 1;
				DEVELOPMENT_ASSET_PATHS = "\"LiveSample/Preview Content\"";
				DEVELOPMENT_TEAM = 9K3B3ZYB2V;
				ENABLE_PREVIEWS = YES;
				GENERATE_INFOPLIST_FILE = YES;
				INFOPLIST_KEY_UIApplicationSceneManifest_Generation = YES;
				INFOPLIST_KEY_UIApplicationSupportsIndirectInputEvents = YES;
				INFOPLIST_KEY_UILaunchScreen_Generation = YES;
				INFOPLIST_KEY_UISupportedInterfaceOrientations_iPad = "UIInterfaceOrientationPortrait UIInterfaceOrientationPortraitUpsideDown UIInterfaceOrientationLandscapeLeft UIInterfaceOrientationLandscapeRight";
				INFOPLIST_KEY_UISupportedInterfaceOrientations_iPhone = "UIInterfaceOrientationPortrait UIInterfaceOrientationLandscapeLeft UIInterfaceOrientationLandscapeRight";
				LD_RUNPATH_SEARCH_PATHS = (
					"$(inherited)",
					"@executable_path/Frameworks",
				);
				MARKETING_VERSION = 1.0;
				PRODUCT_BUNDLE_IDENTIFIER = com.kgmyshin.oshigoto;
				PRODUCT_NAME = "$(TARGET_NAME)";
				SWIFT_EMIT_LOC_STRINGS = YES;
				SWIFT_VERSION = 5.0;
				TARGETED_DEVICE_FAMILY = "1,2";
			};
			name = Debug;
		};
		B38C96FE29162FFA00CA892D /* Release */ = {
			isa = XCBuildConfiguration;
			buildSettings = {
				ASSETCATALOG_COMPILER_APPICON_NAME = AppIcon;
				ASSETCATALOG_COMPILER_GLOBAL_ACCENT_COLOR_NAME = AccentColor;
				CODE_SIGN_STYLE = Automatic;
				CURRENT_PROJECT_VERSION = 1;
				DEVELOPMENT_ASSET_PATHS = "\"LiveSample/Preview Content\"";
				DEVELOPMENT_TEAM = 9K3B3ZYB2V;
				ENABLE_PREVIEWS = YES;
				GENERATE_INFOPLIST_FILE = YES;
				INFOPLIST_KEY_UIApplicationSceneManifest_Generation = YES;
				INFOPLIST_KEY_UIApplicationSupportsIndirectInputEvents = YES;
				INFOPLIST_KEY_UILaunchScreen_Generation = YES;
				INFOPLIST_KEY_UISupportedInterfaceOrientations_iPad = "UIInterfaceOrientationPortrait UIInterfaceOrientationPortraitUpsideDown UIInterfaceOrientationLandscapeLeft UIInterfaceOrientationLandscapeRight";
				INFOPLIST_KEY_UISupportedInterfaceOrientations_iPhone = "UIInterfaceOrientationPortrait UIInterfaceOrientationLandscapeLeft UIInterfaceOrientationLandscapeRight";
				LD_RUNPATH_SEARCH_PATHS = (
					"$(inherited)",
					"@executable_path/Frameworks",
				);
				MARKETING_VERSION = 1.0;
				PRODUCT_BUNDLE_IDENTIFIER = com.kgmyshin.oshigoto;
				PRODUCT_NAME = "$(TARGET_NAME)";
				SWIFT_EMIT_LOC_STRINGS = YES;
				SWIFT_VERSION = 5.0;
				TARGETED_DEVICE_FAMILY = "1,2";
			};
			name = Release;
		};
		B38C970029162FFA00CA892D /* Debug */ = {
			isa = XCBuildConfiguration;
			buildSettings = {
				ALWAYS_EMBED_SWIFT_STANDARD_LIBRARIES = YES;
				BUNDLE_LOADER = "$(TEST_HOST)";
				CODE_SIGN_STYLE = Automatic;
				CURRENT_PROJECT_VERSION = 1;
				DEVELOPMENT_TEAM = 72Q6H9YTXM;
				GENERATE_INFOPLIST_FILE = YES;
				IPHONEOS_DEPLOYMENT_TARGET = 16.1;
				MARKETING_VERSION = 1.0;
				PRODUCT_BUNDLE_IDENTIFIER = com.kgmyshin.oshigotoTests;
				PRODUCT_NAME = "$(TARGET_NAME)";
				SWIFT_EMIT_LOC_STRINGS = NO;
				SWIFT_VERSION = 5.0;
				TARGETED_DEVICE_FAMILY = "1,2";
				TEST_HOST = "$(BUILT_PRODUCTS_DIR)/LiveSample.app/$(BUNDLE_EXECUTABLE_FOLDER_PATH)/LiveSample";
			};
			name = Debug;
		};
		B38C970129162FFA00CA892D /* Release */ = {
			isa = XCBuildConfiguration;
			buildSettings = {
				ALWAYS_EMBED_SWIFT_STANDARD_LIBRARIES = YES;
				BUNDLE_LOADER = "$(TEST_HOST)";
				CODE_SIGN_STYLE = Automatic;
				CURRENT_PROJECT_VERSION = 1;
				DEVELOPMENT_TEAM = 72Q6H9YTXM;
				GENERATE_INFOPLIST_FILE = YES;
				IPHONEOS_DEPLOYMENT_TARGET = 16.1;
				MARKETING_VERSION = 1.0;
				PRODUCT_BUNDLE_IDENTIFIER = com.kgmyshin.oshigotoTests;
				PRODUCT_NAME = "$(TARGET_NAME)";
				SWIFT_EMIT_LOC_STRINGS = NO;
				SWIFT_VERSION = 5.0;
				TARGETED_DEVICE_FAMILY = "1,2";
				TEST_HOST = "$(BUILT_PRODUCTS_DIR)/LiveSample.app/$(BUNDLE_EXECUTABLE_FOLDER_PATH)/LiveSample";
			};
			name = Release;
		};
		B38C970329162FFA00CA892D /* Debug */ = {
			isa = XCBuildConfiguration;
			buildSettings = {
				ALWAYS_EMBED_SWIFT_STANDARD_LIBRARIES = YES;
				CODE_SIGN_STYLE = Automatic;
				CURRENT_PROJECT_VERSION = 1;
				DEVELOPMENT_TEAM = 72Q6H9YTXM;
				GENERATE_INFOPLIST_FILE = YES;
				MARKETING_VERSION = 1.0;
				PRODUCT_BUNDLE_IDENTIFIER = com.kgmyshin.oshigotoUITests;
				PRODUCT_NAME = "$(TARGET_NAME)";
				SWIFT_EMIT_LOC_STRINGS = NO;
				SWIFT_VERSION = 5.0;
				TARGETED_DEVICE_FAMILY = "1,2";
				TEST_TARGET_NAME = oshigoto;
			};
			name = Debug;
		};
		B38C970429162FFA00CA892D /* Release */ = {
			isa = XCBuildConfiguration;
			buildSettings = {
				ALWAYS_EMBED_SWIFT_STANDARD_LIBRARIES = YES;
				CODE_SIGN_STYLE = Automatic;
				CURRENT_PROJECT_VERSION = 1;
				DEVELOPMENT_TEAM = 72Q6H9YTXM;
				GENERATE_INFOPLIST_FILE = YES;
				MARKETING_VERSION = 1.0;
				PRODUCT_BUNDLE_IDENTIFIER = com.kgmyshin.oshigotoUITests;
				PRODUCT_NAME = "$(TARGET_NAME)";
				SWIFT_EMIT_LOC_STRINGS = NO;
				SWIFT_VERSION = 5.0;
				TARGETED_DEVICE_FAMILY = "1,2";
				TEST_TARGET_NAME = oshigoto;
			};
			name = Release;
		};
/* End XCBuildConfiguration section */

/* Begin XCConfigurationList section */
		B38C96D329162FF900CA892D /* Build configuration list for PBXProject "LiveSample" */ = {
			isa = XCConfigurationList;
			buildConfigurations = (
				B38C96FA29162FFA00CA892D /* Debug */,
				B38C96FB29162FFA00CA892D /* Release */,
			);
			defaultConfigurationIsVisible = 0;
			defaultConfigurationName = Release;
		};
		B38C96FC29162FFA00CA892D /* Build configuration list for PBXNativeTarget "LiveSample" */ = {
			isa = XCConfigurationList;
			buildConfigurations = (
				B38C96FD29162FFA00CA892D /* Debug */,
				B38C96FE29162FFA00CA892D /* Release */,
			);
			defaultConfigurationIsVisible = 0;
			defaultConfigurationName = Release;
		};
		B38C96FF29162FFA00CA892D /* Build configuration list for PBXNativeTarget "LiveSampleTests" */ = {
			isa = XCConfigurationList;
			buildConfigurations = (
				B38C970029162FFA00CA892D /* Debug */,
				B38C970129162FFA00CA892D /* Release */,
			);
			defaultConfigurationIsVisible = 0;
			defaultConfigurationName = Release;
		};
		B38C970229162FFA00CA892D /* Build configuration list for PBXNativeTarget "LiveSampleUITests" */ = {
			isa = XCConfigurationList;
			buildConfigurations = (
				B38C970329162FFA00CA892D /* Debug */,
				B38C970429162FFA00CA892D /* Release */,
			);
			defaultConfigurationIsVisible = 0;
			defaultConfigurationName = Release;
		};
/* End XCConfigurationList section */

/* Begin XCSwiftPackageProductDependency section */
		B3AAE695292E0F780033586F /* TicketFeature */ = {
			isa = XCSwiftPackageProductDependency;
			productName = TicketFeature;
		};
		B3B905D429165099001F25B8 /* Sample */ = {
			isa = XCSwiftPackageProductDependency;
			productName = Sample;
		};
/* End XCSwiftPackageProductDependency section */
	};
	rootObject = B38C96D029162FF900CA892D /* Project object */;
}
